
Microsoft Visual Studio Solution File, Format Version 12.00
# Visual Studio Version 16
VisualStudioVersion = 16.0.29102.190
MinimumVisualStudioVersion = 10.0.40219.1
Project("{FAE04EC0-301F-11D3-BF4B-00C04F79EFBC}") = "WpfCreateSearchFormScript", "WpfCreateSearchFormScript\WpfCreateSearchFormScript.csproj", "{20460C49-2AD6-40DB-947C-4342AC08AD2E}"
EndProject
Project("{FAE04EC0-301F-11D3-BF4B-00C04F79EFBC}") = "SearchFormScriptGenerator", "SearchFormScriptGenerator\SearchFormScriptGenerator.csproj", "{58BEAE61-7D75-4530-B2D2-108C3C3996EF}"
EndProject
Global
	GlobalSection(SolutionConfigurationPlatforms) = preSolution
		Debug|Any CPU = Debug|Any CPU
		Release|Any CPU = Release|Any CPU
	EndGlobalSection
	GlobalSection(ProjectConfigurationPlatforms) = postSolution
		{20460C49-2AD6-40DB-947C-4342AC08AD2E}.Debug|Any CPU.ActiveCfg = Debug|Any CPU
		{20460C49-2AD6-40DB-947C-4342AC08AD2E}.Debug|Any CPU.Build.0 = Debug|Any CPU
		{20460C49-2AD6-40DB-947C-4342AC08AD2E}.Release|Any CPU.ActiveCfg = Release|Any CPU
		{20460C49-2AD6-40DB-947C-4342AC08AD2E}.Release|Any CPU.Build.0 = Release|Any CPU
		{58BEAE61-7D75-4530-B2D2-108C3C3996EF}.Debug|Any CPU.ActiveCfg = Debug|Any CPU
		{58BEAE61-7D75-4530-B2D2-108C3C3996EF}.Debug|Any CPU.Build.0 = Debug|Any CPU
		{58BEAE61-7D75-4530-B2D2-108C3C3996EF}.Release|Any CPU.ActiveCfg = Release|Any CPU
		{58BEAE61-7D75-4530-B2D2-108C3C3996EF}.Release|Any CPU.Build.0 = Release|Any CPU
	EndGlobalSection
	GlobalSection(SolutionProperties) = preSolution
		HideSolutionNode = FALSE
	EndGlobalSection
	GlobalSection(ExtensibilityGlobals) = postSolution
		SolutionGuid = {0D23A78F-8265-42E6-9BFB-9F21CC24EFF8}
	EndGlobalSection
EndGlobal
